
Microsoft Visual Studio Solution File, Format Version 12.00
# Visual Studio 15
VisualStudioVersion = 15.0.27703.2026
MinimumVisualStudioVersion = 10.0.40219.1
Project("{E24C65DC-7377-472B-9ABA-BC803B73C61A}") = "GeoLocationFakeApp", "GeoLocationFakeApp", "{32F4BDFF-D4D1-4C38-B02E-3F42E3D4EC66}"
	ProjectSection(WebsiteProperties) = preProject
		TargetFrameworkMoniker = ".NETFramework,Version%3Dv4.0"
		Debug.AspNetCompiler.VirtualPath = "/localhost_51753"
		Debug.AspNetCompiler.PhysicalPath = "GeoLocationFakeApp\"
		Debug.AspNetCompiler.TargetPath = "PrecompiledWeb\localhost_51753\"
		Debug.AspNetCompiler.Updateable = "true"
		Debug.AspNetCompiler.ForceOverwrite = "true"
		Debug.AspNetCompiler.FixedNames = "false"
		Debug.AspNetCompiler.Debug = "True"
		Release.AspNetCompiler.VirtualPath = "/localhost_51753"
		Release.AspNetCompiler.PhysicalPath = "GeoLocationFakeApp\"
		Release.AspNetCompiler.TargetPath = "PrecompiledWeb\localhost_51753\"
		Release.AspNetCompiler.Updateable = "true"
		Release.AspNetCompiler.ForceOverwrite = "true"
		Release.AspNetCompiler.FixedNames = "false"
		Release.AspNetCompiler.Debug = "False"
		VWDPort = "51753"
		SlnRelativePath = "GeoLocationFakeApp\"
	EndProjectSection
EndProject
Global
	GlobalSection(SolutionConfigurationPlatforms) = preSolution
		Debug|Any CPU = Debug|Any CPU
	EndGlobalSection
	GlobalSection(ProjectConfigurationPlatforms) = postSolution
		{32F4BDFF-D4D1-4C38-B02E-3F42E3D4EC66}.Debug|Any CPU.ActiveCfg = Debug|Any CPU
		{32F4BDFF-D4D1-4C38-B02E-3F42E3D4EC66}.Debug|Any CPU.Build.0 = Debug|Any CPU
	EndGlobalSection
	GlobalSection(SolutionProperties) = preSolution
		HideSolutionNode = FALSE
	EndGlobalSection
	GlobalSection(ExtensibilityGlobals) = postSolution
		SolutionGuid = {FB822684-9708-4D91-AB9A-AC83AE241F4F}
	EndGlobalSection
EndGlobal
